
Microsoft Visual Studio Solution File, Format Version 12.00
Project("{FAE04EC0-301F-11D3-BF4B-00C04F79EFBC}") = "quiz-service", "quiz-service.csproj", "{C3B17AA7-049B-4CE2-8C1C-4A42FE39A4AE}"
EndProject
Global
	GlobalSection(SolutionConfigurationPlatforms) = preSolution
		Debug|Any CPU = Debug|Any CPU
		Release|Any CPU = Release|Any CPU
	EndGlobalSection
	GlobalSection(ProjectConfigurationPlatforms) = postSolution
		{C3B17AA7-049B-4CE2-8C1C-4A42FE39A4AE}.Debug|Any CPU.ActiveCfg = Debug|Any CPU
		{C3B17AA7-049B-4CE2-8C1C-4A42FE39A4AE}.Debug|Any CPU.Build.0 = Debug|Any CPU
		{C3B17AA7-049B-4CE2-8C1C-4A42FE39A4AE}.Release|Any CPU.ActiveCfg = Release|Any CPU
		{C3B17AA7-049B-4CE2-8C1C-4A42FE39A4AE}.Release|Any CPU.Build.0 = Release|Any CPU
	EndGlobalSection
EndGlobal
